
Microsoft Visual Studio Solution File, Format Version 12.00
# Visual Studio Version 17
VisualStudioVersion = 17.1.32228.430
MinimumVisualStudioVersion = 10.0.40219.1
Project("{FAE04EC0-301F-11D3-BF4B-00C04F79EFBC}") = "PhamBachMinhTri_BigSchools", "PhamBachMinhTri_BigSchools.csproj", "{5D4ADAC3-7A37-4876-90C3-B7A8F0CFEFC5}"
EndProject
Global
	GlobalSection(SolutionConfigurationPlatforms) = preSolution
		Debug|Any CPU = Debug|Any CPU
		Release|Any CPU = Release|Any CPU
	EndGlobalSection
	GlobalSection(ProjectConfigurationPlatforms) = postSolution
		{5D4ADAC3-7A37-4876-90C3-B7A8F0CFEFC5}.Debug|Any CPU.ActiveCfg = Debug|Any CPU
		{5D4ADAC3-7A37-4876-90C3-B7A8F0CFEFC5}.Debug|Any CPU.Build.0 = Debug|Any CPU
		{5D4ADAC3-7A37-4876-90C3-B7A8F0CFEFC5}.Release|Any CPU.ActiveCfg = Release|Any CPU
		{5D4ADAC3-7A37-4876-90C3-B7A8F0CFEFC5}.Release|Any CPU.Build.0 = Release|Any CPU
	EndGlobalSection
	GlobalSection(SolutionProperties) = preSolution
		HideSolutionNode = FALSE
	EndGlobalSection
	GlobalSection(ExtensibilityGlobals) = postSolution
		SolutionGuid = {72691AFE-A6C1-490A-8CF1-7C550816351B}
	EndGlobalSection
EndGlobal
